
Microsoft Visual Studio Solution File, Format Version 12.00
# Visual Studio 15
VisualStudioVersion = 15.0.27130.2010
MinimumVisualStudioVersion = 10.0.40219.1
Project("{2150E333-8FDC-42A3-9474-1A3956D46DE8}") = "tests", "tests", "{2E903AB5-E882-49A7-A612-FCCB9F11D540}"
EndProject
Project("{2150E333-8FDC-42A3-9474-1A3956D46DE8}") = "src", "src", "{C69D878A-A37C-4DBD-8D90-8AF30074E3C0}"
EndProject
Project("{2150E333-8FDC-42A3-9474-1A3956D46DE8}") = "tools", "tools", "{78CBA3CF-28F2-464F-892A-3FB745AC735E}"
EndProject
Project("{FAE04EC0-301F-11D3-BF4B-00C04F79EFBC}") = "FreecraftCore.DBC.Structures", "src\FreecraftCore.DBC.Structures\FreecraftCore.DBC.Structures.csproj", "{5A31B6DD-F841-48E3-97F9-E00BAAF82512}"
EndProject
Project("{FAE04EC0-301F-11D3-BF4B-00C04F79EFBC}") = "FreecraftCore.DBC.Common", "src\FreecraftCore.DBC.Common\FreecraftCore.DBC.Common.csproj", "{46426898-5F59-4A47-B99E-B6397F11BFF2}"
EndProject
Project("{FAE04EC0-301F-11D3-BF4B-00C04F79EFBC}") = "FreecraftCore.DBC.Management", "src\FreecraftCore.DBC.Management\FreecraftCore.DBC.Management.csproj", "{98134E8E-5269-4C48-AC72-22E33E2D89F7}"
EndProject
Global
	GlobalSection(SolutionConfigurationPlatforms) = preSolution
		Debug|Any CPU = Debug|Any CPU
		Release|Any CPU = Release|Any CPU
	EndGlobalSection
	GlobalSection(ProjectConfigurationPlatforms) = postSolution
		{5A31B6DD-F841-48E3-97F9-E00BAAF82512}.Debug|Any CPU.ActiveCfg = Debug|Any CPU
		{5A31B6DD-F841-48E3-97F9-E00BAAF82512}.Debug|Any CPU.Build.0 = Debug|Any CPU
		{5A31B6DD-F841-48E3-97F9-E00BAAF82512}.Release|Any CPU.ActiveCfg = Release|Any CPU
		{5A31B6DD-F841-48E3-97F9-E00BAAF82512}.Release|Any CPU.Build.0 = Release|Any CPU
		{46426898-5F59-4A47-B99E-B6397F11BFF2}.Debug|Any CPU.ActiveCfg = Debug|Any CPU
		{46426898-5F59-4A47-B99E-B6397F11BFF2}.Debug|Any CPU.Build.0 = Debug|Any CPU
		{46426898-5F59-4A47-B99E-B6397F11BFF2}.Release|Any CPU.ActiveCfg = Release|Any CPU
		{46426898-5F59-4A47-B99E-B6397F11BFF2}.Release|Any CPU.Build.0 = Release|Any CPU
		{98134E8E-5269-4C48-AC72-22E33E2D89F7}.Debug|Any CPU.ActiveCfg = Debug|Any CPU
		{98134E8E-5269-4C48-AC72-22E33E2D89F7}.Debug|Any CPU.Build.0 = Debug|Any CPU
		{98134E8E-5269-4C48-AC72-22E33E2D89F7}.Release|Any CPU.ActiveCfg = Release|Any CPU
		{98134E8E-5269-4C48-AC72-22E33E2D89F7}.Release|Any CPU.Build.0 = Release|Any CPU
	EndGlobalSection
	GlobalSection(SolutionProperties) = preSolution
		HideSolutionNode = FALSE
	EndGlobalSection
	GlobalSection(NestedProjects) = preSolution
		{5A31B6DD-F841-48E3-97F9-E00BAAF82512} = {C69D878A-A37C-4DBD-8D90-8AF30074E3C0}
		{46426898-5F59-4A47-B99E-B6397F11BFF2} = {C69D878A-A37C-4DBD-8D90-8AF30074E3C0}
		{98134E8E-5269-4C48-AC72-22E33E2D89F7} = {C69D878A-A37C-4DBD-8D90-8AF30074E3C0}
	EndGlobalSection
	GlobalSection(ExtensibilityGlobals) = postSolution
		SolutionGuid = {77340858-04C1-4169-93A3-121A82FA6670}
	EndGlobalSection
EndGlobal
